
Microsoft Visual Studio Solution File, Format Version 12.00
# Visual Studio 15
VisualStudioVersion = 15.0.26823.1
MinimumVisualStudioVersion = 10.0.40219.1
Project("{9A19103F-16F7-4668-BE54-9A1E7A4F7556}") = "app_robbyrohmantri", "app_robbyrohmantri\app_robbyrohmantri.csproj", "{8C3AC8BC-F4D4-4CF8-A017-F665A2091997}"
EndProject
Project("{FAE04EC0-301F-11D3-BF4B-00C04F79EFBC}") = "Front", "Front\Front.csproj", "{26BC15FA-5A1E-486D-8D4E-2B897F831113}"
EndProject
Global
	GlobalSection(SolutionConfigurationPlatforms) = preSolution
		Debug|Any CPU = Debug|Any CPU
		Release|Any CPU = Release|Any CPU
	EndGlobalSection
	GlobalSection(ProjectConfigurationPlatforms) = postSolution
		{8C3AC8BC-F4D4-4CF8-A017-F665A2091997}.Debug|Any CPU.ActiveCfg = Debug|Any CPU
		{8C3AC8BC-F4D4-4CF8-A017-F665A2091997}.Debug|Any CPU.Build.0 = Debug|Any CPU
		{8C3AC8BC-F4D4-4CF8-A017-F665A2091997}.Release|Any CPU.ActiveCfg = Release|Any CPU
		{8C3AC8BC-F4D4-4CF8-A017-F665A2091997}.Release|Any CPU.Build.0 = Release|Any CPU
		{26BC15FA-5A1E-486D-8D4E-2B897F831113}.Debug|Any CPU.ActiveCfg = Debug|Any CPU
		{26BC15FA-5A1E-486D-8D4E-2B897F831113}.Debug|Any CPU.Build.0 = Debug|Any CPU
		{26BC15FA-5A1E-486D-8D4E-2B897F831113}.Release|Any CPU.ActiveCfg = Release|Any CPU
		{26BC15FA-5A1E-486D-8D4E-2B897F831113}.Release|Any CPU.Build.0 = Release|Any CPU
	EndGlobalSection
	GlobalSection(SolutionProperties) = preSolution
		HideSolutionNode = FALSE
	EndGlobalSection
	GlobalSection(ExtensibilityGlobals) = postSolution
		SolutionGuid = {162A7569-0ED9-406D-B763-E8D6E059A042}
	EndGlobalSection
EndGlobal
